// !$*UTF8*$!
{
	archiveVersion = 1;
	classes = {
	};
	objectVersion = 46;
	objects = {

/* Begin PBXBuildFile section */
		6F5936AD1D86ABD700D64B64 /* DetailViewController.swift in Sources */ = {isa = PBXBuildFile; fileRef = 6F5936AC1D86ABD700D64B64 /* DetailViewController.swift */; };
		6FA9FB591D86A11700637277 /* AppDelegate.swift in Sources */ = {isa = PBXBuildFile; fileRef = 6FA9FB581D86A11700637277 /* AppDelegate.swift */; };
		6FA9FB5B1D86A11700637277 /* ViewController.swift in Sources */ = {isa = PBXBuildFile; fileRef = 6FA9FB5A1D86A11700637277 /* ViewController.swift */; };
		6FA9FB5E1D86A11700637277 /* Main.storyboard in Resources */ = {isa = PBXBuildFile; fileRef = 6FA9FB5C1D86A11700637277 /* Main.storyboard */; };
		6FA9FB601D86A11700637277 /* Assets.xcassets in Resources */ = {isa = PBXBuildFile; fileRef = 6FA9FB5F1D86A11700637277 /* Assets.xcassets */; };
		6FA9FB631D86A11700637277 /* LaunchScreen.storyboard in Resources */ = {isa = PBXBuildFile; fileRef = 6FA9FB611D86A11700637277 /* LaunchScreen.storyboard */; };
/* End PBXBuildFile section */

/* Begin PBXFileReference section */
		6F5936AC1D86ABD700D64B64 /* DetailViewController.swift */ = {isa = PBXFileReference; fileEncoding = 4; lastKnownFileType = sourcecode.swift; path = DetailViewController.swift; sourceTree = "<group>"; };
		6FA9FB551D86A11700637277 /* HCM-Food.app */ = {isa = PBXFileReference; explicitFileType = wrapper.application; includeInIndex = 0; path = "HCM-Food.app"; sourceTree = BUILT_PRODUCTS_DIR; };
		6FA9FB581D86A11700637277 /* AppDelegate.swift */ = {isa = PBXFileReference; lastKnownFileType = sourcecode.swift; path = AppDelegate.swift; sourceTree = "<group>"; };
		6FA9FB5A1D86A11700637277 /* ViewController.swift */ = {isa = PBXFileReference; lastKnownFileType = sourcecode.swift; path = ViewController.swift; sourceTree = "<group>"; };
		6FA9FB5D1D86A11700637277 /* Base */ = {isa = PBXFileReference; lastKnownFileType = file.storyboard; name = Base; path = Base.lproj/Main.storyboard; sourceTree = "<group>"; };
		6FA9FB5F1D86A11700637277 /* Assets.xcassets */ = {isa = PBXFileReference; lastKnownFileType = folder.assetcatalog; path = Assets.xcassets; sourceTree = "<group>"; };
		6FA9FB621D86A11700637277 /* Base */ = {isa = PBXFileReference; lastKnownFileType = file.storyboard; name = Base; path = Base.lproj/LaunchScreen.storyboard; sourceTree = "<group>"; };
		6FA9FB641D86A11700637277 /* Info.plist */ = {isa = PBXFileReference; lastKnownFileType = text.plist.xml; path = Info.plist; sourceTree = "<group>"; };
/* End PBXFileReference section */

/* Begin PBXFrameworksBuildPhase section */
		6FA9FB521D86A11600637277 /* Frameworks */ = {
			isa = PBXFrameworksBuildPhase;
			buildActionMask = 2147483647;
			files = (
			);
			runOnlyForDeploymentPostprocessing = 0;
		};
/* End PBXFrameworksBuildPhase section */

/* Begin PBXGroup section */
		6FA9FB4C1D86A11600637277 = {
			isa = PBXGroup;
			children = (
				6FA9FB571D86A11700637277 /* HCM-Food */,
				6FA9FB561D86A11700637277 /* Products */,
			);
			sourceTree = "<group>";
		};
		6FA9FB561D86A11700637277 /* Products */ = {
			isa = PBXGroup;
			children = (
				6FA9FB551D86A11700637277 /* HCM-Food.app */,
			);
			name = Products;
			sourceTree = "<group>";
		};
		6FA9FB571D86A11700637277 /* HCM-Food */ = {
			isa = PBXGroup;
			children = (
				6FA9FB581D86A11700637277 /* AppDelegate.swift */,
				6FA9FB5A1D86A11700637277 /* ViewController.swift */,
				6FA9FB5C1D86A11700637277 /* Main.storyboard */,
				6FA9FB5F1D86A11700637277 /* Assets.xcassets */,
				6FA9FB611D86A11700637277 /* LaunchScreen.storyboard */,
				6FA9FB641D86A11700637277 /* Info.plist */,
				6F5936AC1D86ABD700D64B64 /* DetailViewController.swift */,
			);
			path = "HCM-Food";
			sourceTree = "<group>";
		};
/* End PBXGroup section */

/* Begin PBXNativeTarget section */
		6FA9FB541D86A11600637277 /* HCM-Food */ = {
			isa = PBXNativeTarget;
			buildConfigurationList = 6FA9FB671D86A11700637277 /* Build configuration list for PBXNativeTarget "HCM-Food" */;
			buildPhases = (
				6FA9FB511D86A11600637277 /* Sources */,
				6FA9FB521D86A11600637277 /* Frameworks */,
				6FA9FB531D86A11600637277 /* Resources */,
			);
			buildRules = (
			);
			dependencies = (
			);
			name = "HCM-Food";
			productName = "HCM-Food";
			productReference = 6FA9FB551D86A11700637277 /* HCM-Food.app */;
			productType = "com.apple.product-type.application";
		};
/* End PBXNativeTarget section */

/* Begin PBXProject section */
		6FA9FB4D1D86A11600637277 /* Project object */ = {
			isa = PBXProject;
			attributes = {
				LastSwiftUpdateCheck = 0800;
				LastUpgradeCheck = 0800;
				ORGANIZATIONNAME = lhvan;
				TargetAttributes = {
					6FA9FB541D86A11600637277 = {
						CreatedOnToolsVersion = 8.0;
						DevelopmentTeam = EWV6ACNJ7K;
						DevelopmentTeamName = "Lê Vấn (Personal Team)";
						ProvisioningStyle = Automatic;
					};
				};
			};
			buildConfigurationList = 6FA9FB501D86A11600637277 /* Build configuration list for PBXProject "HCM-Food" */;
			compatibilityVersion = "Xcode 3.2";
			developmentRegion = English;
			hasScannedForEncodings = 0;
			knownRegions = (
				en,
				Base,
			);
			mainGroup = 6FA9FB4C1D86A11600637277;
			productRefGroup = 6FA9FB561D86A11700637277 /* Products */;
			projectDirPath = "";
			projectRoot = "";
			targets = (
				6FA9FB541D86A11600637277 /* HCM-Food */,
			);
		};
/* End PBXProject section */

/* Begin PBXResourcesBuildPhase section */
		6FA9FB531D86A11600637277 /* Resources */ = {
			isa = PBXResourcesBuildPhase;
			buildActionMask = 2147483647;
			files = (
				6FA9FB631D86A11700637277 /* LaunchScreen.storyboard in Resources */,
				6FA9FB601D86A11700637277 /* Assets.xcassets in Resources */,
				6FA9FB5E1D86A11700637277 /* Main.storyboard in Resources */,
			);
			runOnlyForDeploymentPostprocessing = 0;
		};
/* End PBXResourcesBuildPhase section */

/* Begin PBXSourcesBuildPhase section */
		6FA9FB511D86A11600637277 /* Sources */ = {
			isa = PBXSourcesBuildPhase;
			buildActionMask = 2147483647;
			files = (
				6F5936AD1D86ABD700D64B64 /* DetailViewController.swift in Sources */,
				6FA9FB5B1D86A11700637277 /* ViewController.swift in Sources */,
				6FA9FB591D86A11700637277 /* AppDelegate.swift in Sources */,
			);
			runOnlyForDeploymentPostprocessing = 0;
		};
/* End PBXSourcesBuildPhase section */

/* Begin PBXVariantGroup section */
		6FA9FB5C1D86A11700637277 /* Main.storyboard */ = {
			isa = PBXVariantGroup;
			children = (
				6FA9FB5D1D86A11700637277 /* Base */,
			);
			name = Main.storyboard;
			sourceTree = "<group>";
		};
		6FA9FB611D86A11700637277 /* LaunchScreen.storyboard */ = {
			isa = PBXVariantGroup;
			children = (
				6FA9FB621D86A11700637277 /* Base */,
			);
			name = LaunchScreen.storyboard;
			sourceTree = "<group>";
		};
/* End PBXVariantGroup section */

/* Begin XCBuildConfiguration section */
		6FA9FB651D86A11700637277 /* Debug */ = {
			isa = XCBuildConfiguration;
			buildSettings = {
				ALWAYS_SEARCH_USER_PATHS = NO;
				CLANG_ANALYZER_NONNULL = YES;
				CLANG_CXX_LANGUAGE_STANDARD = "gnu++0x";
				CLANG_CXX_LIBRARY = "libc++";
				CLANG_ENABLE_MODULES = YES;
				CLANG_ENABLE_OBJC_ARC = YES;
				CLANG_WARN_BOOL_CONVERSION = YES;
				CLANG_WARN_CONSTANT_CONVERSION = YES;
				CLANG_WARN_DIRECT_OBJC_ISA_USAGE = YES_ERROR;
				CLANG_WARN_DOCUMENTATION_COMMENTS = YES;
				CLANG_WARN_EMPTY_BODY = YES;
				CLANG_WARN_ENUM_CONVERSION = YES;
				CLANG_WARN_INT_CONVERSION = YES;
				CLANG_WARN_OBJC_ROOT_CLASS = YES_ERROR;
				CLANG_WARN_UNREACHABLE_CODE = YES;
				CLANG_WARN__DUPLICATE_METHOD_MATCH = YES;
				"CODE_SIGN_IDENTITY[sdk=iphoneos*]" = "iPhone Developer";
				COPY_PHASE_STRIP = NO;
				DEBUG_INFORMATION_FORMAT = dwarf;
				ENABLE_STRICT_OBJC_MSGSEND = YES;
				ENABLE_TESTABILITY = YES;
				GCC_C_LANGUAGE_STANDARD = gnu99;
				GCC_DYNAMIC_NO_PIC = NO;
				GCC_NO_COMMON_BLOCKS = YES;
				GCC_OPTIMIZATION_LEVEL = 0;
				GCC_PREPROCESSOR_DEFINITIONS = (
					"DEBUG=1",
					"$(inherited)",
				);
				GCC_WARN_64_TO_32_BIT_CONVERSION = YES;
				GCC_WARN_ABOUT_RETURN_TYPE = YES_ERROR;
				GCC_WARN_UNDECLARED_SELECTOR = YES;
				GCC_WARN_UNINITIALIZED_AUTOS = YES_AGGRESSIVE;
				GCC_WARN_UNUSED_FUNCTION = YES;
				GCC_WARN_UNUSED_VARIABLE = YES;
				IPHONEOS_DEPLOYMENT_TARGET = 10.0;
				MTL_ENABLE_DEBUG_INFO = YES;
				ONLY_ACTIVE_ARCH = YES;
				SDKROOT = iphoneos;
				SWIFT_ACTIVE_COMPILATION_CONDITIONS = DEBUG;
				SWIFT_OPTIMIZATION_LEVEL = "-Onone";
			};
			name = Debug;
		};
		6FA9FB661D86A11700637277 /* Release */ = {
			isa = XCBuildConfiguration;
			buildSettings = {
				ALWAYS_SEARCH_USER_PATHS = NO;
				CLANG_ANALYZER_NONNULL = YES;
				CLANG_CXX_LANGUAGE_STANDARD = "gnu++0x";
				CLANG_CXX_LIBRARY = "libc++";
				CLANG_ENABLE_MODULES = YES;
				CLANG_ENABLE_OBJC_ARC = YES;
				CLANG_WARN_BOOL_CONVERSION = YES;
				CLANG_WARN_CONSTANT_CONVERSION = YES;
				CLANG_WARN_DIRECT_OBJC_ISA_USAGE = YES_ERROR;
				CLANG_WARN_DOCUMENTATION_COMMENTS = YES;
				CLANG_WARN_EMPTY_BODY = YES;
				CLANG_WARN_ENUM_CONVERSION = YES;
				CLANG_WARN_INT_CONVERSION = YES;
				CLANG_WARN_OBJC_ROOT_CLASS = YES_ERROR;
				CLANG_WARN_UNREACHABLE_CODE = YES;
				CLANG_WARN__DUPLICATE_METHOD_MATCH = YES;
				"CODE_SIGN_IDENTITY[sdk=iphoneos*]" = "iPhone Developer";
				COPY_PHASE_STRIP = NO;
				DEBUG_INFORMATION_FORMAT = "dwarf-with-dsym";
				ENABLE_NS_ASSERTIONS = NO;
				ENABLE_STRICT_OBJC_MSGSEND = YES;
				GCC_C_LANGUAGE_STANDARD = gnu99;
				GCC_NO_COMMON_BLOCKS = YES;
				GCC_WARN_64_TO_32_BIT_CONVERSION = YES;
				GCC_WARN_ABOUT_RETURN_TYPE = YES_ERROR;
				GCC_WARN_UNDECLARED_SELECTOR = YES;
				GCC_WARN_UNINITIALIZED_AUTOS = YES_AGGRESSIVE;
				GCC_WARN_UNUSED_FUNCTION = YES;
				GCC_WARN_UNUSED_VARIABLE = YES;
				IPHONEOS_DEPLOYMENT_TARGET = 10.0;
				MTL_ENABLE_DEBUG_INFO = NO;
				SDKROOT = iphoneos;
				SWIFT_OPTIMIZATION_LEVEL = "-Owholemodule";
				VALIDATE_PRODUCT = YES;
			};
			name = Release;
		};
		6FA9FB681D86A11700637277 /* Debug */ = {
			isa = XCBuildConfiguration;
			buildSettings = {
				ASSETCATALOG_COMPILER_APPICON_NAME = AppIcon;
				INFOPLIST_FILE = "HCM-Food/Info.plist";
				IPHONEOS_DEPLOYMENT_TARGET = 9.0;
				LD_RUNPATH_SEARCH_PATHS = "$(inherited) @executable_path/Frameworks";
				PRODUCT_BUNDLE_IDENTIFIER = "com.lhvan.HCM-Food";
				PRODUCT_NAME = "$(TARGET_NAME)";
				SWIFT_VERSION = 3.0;
				TARGETED_DEVICE_FAMILY = 1;
			};
			name = Debug;
		};
		6FA9FB691D86A11700637277 /* Release */ = {
			isa = XCBuildConfiguration;
			buildSettings = {
				ASSETCATALOG_COMPILER_APPICON_NAME = AppIcon;
				INFOPLIST_FILE = "HCM-Food/Info.plist";
				IPHONEOS_DEPLOYMENT_TARGET = 9.0;
				LD_RUNPATH_SEARCH_PATHS = "$(inherited) @executable_path/Frameworks";
				PRODUCT_BUNDLE_IDENTIFIER = "com.lhvan.HCM-Food";
				PRODUCT_NAME = "$(TARGET_NAME)";
				SWIFT_VERSION = 3.0;
				TARGETED_DEVICE_FAMILY = 1;
			};
			name = Release;
		};
/* End XCBuildConfiguration section */

/* Begin XCConfigurationList section */
		6FA9FB501D86A11600637277 /* Build configuration list for PBXProject "HCM-Food" */ = {
			isa = XCConfigurationList;
			buildConfigurations = (
				6FA9FB651D86A11700637277 /* Debug */,
				6FA9FB661D86A11700637277 /* Release */,
			);
			defaultConfigurationIsVisible = 0;
			defaultConfigurationName = Release;
		};
		6FA9FB671D86A11700637277 /* Build configuration list for PBXNativeTarget "HCM-Food" */ = {
			isa = XCConfigurationList;
			buildConfigurations = (
				6FA9FB681D86A11700637277 /* Debug */,
				6FA9FB691D86A11700637277 /* Release */,
			);
			defaultConfigurationIsVisible = 0;
			defaultConfigurationName = Release;
		};
/* End XCConfigurationList section */
	};
	rootObject = 6FA9FB4D1D86A11600637277 /* Project object */;
}
